
Microsoft Visual Studio Solution File, Format Version 12.00
# Visual Studio Version 17
VisualStudioVersion = 17.14.36310.24 d17.14
MinimumVisualStudioVersion = 10.0.40219.1
Project("{FAE04EC0-301F-11D3-BF4B-00C04F79EFBC}") = "Ativ15", "Ativ15\Ativ15.csproj", "{9C71C3E6-C583-441A-88F2-A8B318E36EAD}"
EndProject
Global
	GlobalSection(SolutionConfigurationPlatforms) = preSolution
		Debug|Any CPU = Debug|Any CPU
		Release|Any CPU = Release|Any CPU
	EndGlobalSection
	GlobalSection(ProjectConfigurationPlatforms) = postSolution
		{9C71C3E6-C583-441A-88F2-A8B318E36EAD}.Debug|Any CPU.ActiveCfg = Debug|Any CPU
		{9C71C3E6-C583-441A-88F2-A8B318E36EAD}.Debug|Any CPU.Build.0 = Debug|Any CPU
		{9C71C3E6-C583-441A-88F2-A8B318E36EAD}.Release|Any CPU.ActiveCfg = Release|Any CPU
		{9C71C3E6-C583-441A-88F2-A8B318E36EAD}.Release|Any CPU.Build.0 = Release|Any CPU
	EndGlobalSection
	GlobalSection(SolutionProperties) = preSolution
		HideSolutionNode = FALSE
	EndGlobalSection
	GlobalSection(ExtensibilityGlobals) = postSolution
		SolutionGuid = {421CAB4E-5BC1-41FA-BDAA-BF29D0CDA6FA}
	EndGlobalSection
EndGlobal
