
Microsoft Visual Studio Solution File, Format Version 12.00
# Visual Studio Version 17
VisualStudioVersion = 17.14.36310.24 d17.14
MinimumVisualStudioVersion = 10.0.40219.1
Project("{FAE04EC0-301F-11D3-BF4B-00C04F79EFBC}") = "Ativ06", "Ativ06\Ativ06.csproj", "{4D6A2F7D-88A6-43B8-A911-47BFE9303288}"
EndProject
Global
	GlobalSection(SolutionConfigurationPlatforms) = preSolution
		Debug|Any CPU = Debug|Any CPU
		Release|Any CPU = Release|Any CPU
	EndGlobalSection
	GlobalSection(ProjectConfigurationPlatforms) = postSolution
		{4D6A2F7D-88A6-43B8-A911-47BFE9303288}.Debug|Any CPU.ActiveCfg = Debug|Any CPU
		{4D6A2F7D-88A6-43B8-A911-47BFE9303288}.Debug|Any CPU.Build.0 = Debug|Any CPU
		{4D6A2F7D-88A6-43B8-A911-47BFE9303288}.Release|Any CPU.ActiveCfg = Release|Any CPU
		{4D6A2F7D-88A6-43B8-A911-47BFE9303288}.Release|Any CPU.Build.0 = Release|Any CPU
	EndGlobalSection
	GlobalSection(SolutionProperties) = preSolution
		HideSolutionNode = FALSE
	EndGlobalSection
	GlobalSection(ExtensibilityGlobals) = postSolution
		SolutionGuid = {0D7DB3AF-FEE6-4906-B5F9-44AB70872A04}
	EndGlobalSection
EndGlobal
